
Microsoft Visual Studio Solution File, Format Version 12.00
# Visual Studio Version 16
VisualStudioVersion = 16.0.30523.141
MinimumVisualStudioVersion = 10.0.40219.1
Project("{8BC9CEB8-8B4A-11D0-8D11-00A0C91BC942}") = "fonction_amies", "fonction_amies\fonction_amies.vcxproj", "{194AAB54-49AA-42AB-87E5-AA919DAC99DD}"
EndProject
Global
	GlobalSection(SolutionConfigurationPlatforms) = preSolution
		Debug|x64 = Debug|x64
		Debug|x86 = Debug|x86
		Release|x64 = Release|x64
		Release|x86 = Release|x86
	EndGlobalSection
	GlobalSection(ProjectConfigurationPlatforms) = postSolution
		{194AAB54-49AA-42AB-87E5-AA919DAC99DD}.Debug|x64.ActiveCfg = Debug|x64
		{194AAB54-49AA-42AB-87E5-AA919DAC99DD}.Debug|x64.Build.0 = Debug|x64
		{194AAB54-49AA-42AB-87E5-AA919DAC99DD}.Debug|x86.ActiveCfg = Debug|Win32
		{194AAB54-49AA-42AB-87E5-AA919DAC99DD}.Debug|x86.Build.0 = Debug|Win32
		{194AAB54-49AA-42AB-87E5-AA919DAC99DD}.Release|x64.ActiveCfg = Release|x64
		{194AAB54-49AA-42AB-87E5-AA919DAC99DD}.Release|x64.Build.0 = Release|x64
		{194AAB54-49AA-42AB-87E5-AA919DAC99DD}.Release|x86.ActiveCfg = Release|Win32
		{194AAB54-49AA-42AB-87E5-AA919DAC99DD}.Release|x86.Build.0 = Release|Win32
	EndGlobalSection
	GlobalSection(SolutionProperties) = preSolution
		HideSolutionNode = FALSE
	EndGlobalSection
	GlobalSection(ExtensibilityGlobals) = postSolution
		SolutionGuid = {A21421C2-46F1-400E-B76F-A6448B227B4F}
	EndGlobalSection
EndGlobal
